
Microsoft Visual Studio Solution File, Format Version 12.00
# Visual Studio 15
VisualStudioVersion = 15.0.28307.136
MinimumVisualStudioVersion = 10.0.40219.1
Project("{FAE04EC0-301F-11D3-BF4B-00C04F79EFBC}") = "Perceptron", "Perceptron\Perceptron.csproj", "{FC75D750-8656-40F9-8C34-FE36141376BA}"
EndProject
Project("{FAE04EC0-301F-11D3-BF4B-00C04F79EFBC}") = "VowelConsonantRecognition", "VowelConsonantRecognition\VowelConsonantRecognition.csproj", "{666501D9-4632-485E-98A3-4FEF5967DDE3}"
EndProject
Global
	GlobalSection(SolutionConfigurationPlatforms) = preSolution
		Debug|Any CPU = Debug|Any CPU
		Release|Any CPU = Release|Any CPU
	EndGlobalSection
	GlobalSection(ProjectConfigurationPlatforms) = postSolution
		{FC75D750-8656-40F9-8C34-FE36141376BA}.Debug|Any CPU.ActiveCfg = Debug|Any CPU
		{FC75D750-8656-40F9-8C34-FE36141376BA}.Debug|Any CPU.Build.0 = Debug|Any CPU
		{FC75D750-8656-40F9-8C34-FE36141376BA}.Release|Any CPU.ActiveCfg = Release|Any CPU
		{FC75D750-8656-40F9-8C34-FE36141376BA}.Release|Any CPU.Build.0 = Release|Any CPU
		{666501D9-4632-485E-98A3-4FEF5967DDE3}.Debug|Any CPU.ActiveCfg = Debug|Any CPU
		{666501D9-4632-485E-98A3-4FEF5967DDE3}.Debug|Any CPU.Build.0 = Debug|Any CPU
		{666501D9-4632-485E-98A3-4FEF5967DDE3}.Release|Any CPU.ActiveCfg = Release|Any CPU
		{666501D9-4632-485E-98A3-4FEF5967DDE3}.Release|Any CPU.Build.0 = Release|Any CPU
	EndGlobalSection
	GlobalSection(SolutionProperties) = preSolution
		HideSolutionNode = FALSE
	EndGlobalSection
	GlobalSection(ExtensibilityGlobals) = postSolution
		SolutionGuid = {A828ABE4-8D94-40B9-ADF2-412C250E82AD}
	EndGlobalSection
EndGlobal
